
Microsoft Visual Studio Solution File, Format Version 12.00
# Visual Studio Version 16
VisualStudioVersion = 16.0.31501.217
MinimumVisualStudioVersion = 10.0.40219.1
Project("{FAE04EC0-301F-11D3-BF4B-00C04F79EFBC}") = "UserManagement", "UserManagement\UserManagement.csproj", "{88FF5B63-D6FC-4450-ACF9-D746783BD7B8}"
EndProject
Global
	GlobalSection(SolutionConfigurationPlatforms) = preSolution
		Debug|Any CPU = Debug|Any CPU
		Release|Any CPU = Release|Any CPU
	EndGlobalSection
	GlobalSection(ProjectConfigurationPlatforms) = postSolution
		{88FF5B63-D6FC-4450-ACF9-D746783BD7B8}.Debug|Any CPU.ActiveCfg = Debug|Any CPU
		{88FF5B63-D6FC-4450-ACF9-D746783BD7B8}.Debug|Any CPU.Build.0 = Debug|Any CPU
		{88FF5B63-D6FC-4450-ACF9-D746783BD7B8}.Release|Any CPU.ActiveCfg = Release|Any CPU
		{88FF5B63-D6FC-4450-ACF9-D746783BD7B8}.Release|Any CPU.Build.0 = Release|Any CPU
	EndGlobalSection
	GlobalSection(SolutionProperties) = preSolution
		HideSolutionNode = FALSE
	EndGlobalSection
	GlobalSection(ExtensibilityGlobals) = postSolution
		SolutionGuid = {87F6E31F-C961-4CF6-BBA3-B2D61A698477}
	EndGlobalSection
EndGlobal
